
Microsoft Visual Studio Solution File, Format Version 12.00
# Visual Studio Version 17
VisualStudioVersion = 17.11.35327.3
MinimumVisualStudioVersion = 10.0.40219.1
Project("{9A19103F-16F7-4668-BE54-9A1E7A4F7556}") = "OrderApi.Domain", "OrderApi.Domain\OrderApi.Domain.csproj", "{27940CFF-7492-49D4-BCF3-5BC28D8B1716}"
EndProject
Project("{9A19103F-16F7-4668-BE54-9A1E7A4F7556}") = "OrderApi.Infrasructure", "OrderApi.Infrasructure\OrderApi.Infrasructure.csproj", "{FBB2AB3B-0FDC-43AB-8BCE-C184E4C4BF99}"
EndProject
Project("{9A19103F-16F7-4668-BE54-9A1E7A4F7556}") = "OrderApi.Applicaton", "OrderApi.Applicaton\OrderApi.Applicaton.csproj", "{DD7E81CD-E7F0-4A45-AAE7-4F81A2E3D960}"
EndProject
Project("{9A19103F-16F7-4668-BE54-9A1E7A4F7556}") = "OrderApi.Presentantion", "OrderApi.Presentantion\OrderApi.Presentantion.csproj", "{3CB2677F-1340-4065-A28E-C91D56CA543C}"
EndProject
Project("{9A19103F-16F7-4668-BE54-9A1E7A4F7556}") = "ECommerce.SharedLibrary", "..\DemoECommerce.SharedLibrarySolution\ECommerce.SharedLibrary\ECommerce.SharedLibrary.csproj", "{1535DFF1-D677-462B-A831-A320B9562864}"
EndProject
Global
	GlobalSection(SolutionConfigurationPlatforms) = preSolution
		Debug|Any CPU = Debug|Any CPU
		Release|Any CPU = Release|Any CPU
	EndGlobalSection
	GlobalSection(ProjectConfigurationPlatforms) = postSolution
		{27940CFF-7492-49D4-BCF3-5BC28D8B1716}.Debug|Any CPU.ActiveCfg = Debug|Any CPU
		{27940CFF-7492-49D4-BCF3-5BC28D8B1716}.Debug|Any CPU.Build.0 = Debug|Any CPU
		{27940CFF-7492-49D4-BCF3-5BC28D8B1716}.Release|Any CPU.ActiveCfg = Release|Any CPU
		{27940CFF-7492-49D4-BCF3-5BC28D8B1716}.Release|Any CPU.Build.0 = Release|Any CPU
		{FBB2AB3B-0FDC-43AB-8BCE-C184E4C4BF99}.Debug|Any CPU.ActiveCfg = Debug|Any CPU
		{FBB2AB3B-0FDC-43AB-8BCE-C184E4C4BF99}.Debug|Any CPU.Build.0 = Debug|Any CPU
		{FBB2AB3B-0FDC-43AB-8BCE-C184E4C4BF99}.Release|Any CPU.ActiveCfg = Release|Any CPU
		{FBB2AB3B-0FDC-43AB-8BCE-C184E4C4BF99}.Release|Any CPU.Build.0 = Release|Any CPU
		{DD7E81CD-E7F0-4A45-AAE7-4F81A2E3D960}.Debug|Any CPU.ActiveCfg = Debug|Any CPU
		{DD7E81CD-E7F0-4A45-AAE7-4F81A2E3D960}.Debug|Any CPU.Build.0 = Debug|Any CPU
		{DD7E81CD-E7F0-4A45-AAE7-4F81A2E3D960}.Release|Any CPU.ActiveCfg = Release|Any CPU
		{DD7E81CD-E7F0-4A45-AAE7-4F81A2E3D960}.Release|Any CPU.Build.0 = Release|Any CPU
		{3CB2677F-1340-4065-A28E-C91D56CA543C}.Debug|Any CPU.ActiveCfg = Debug|Any CPU
		{3CB2677F-1340-4065-A28E-C91D56CA543C}.Debug|Any CPU.Build.0 = Debug|Any CPU
		{3CB2677F-1340-4065-A28E-C91D56CA543C}.Release|Any CPU.ActiveCfg = Release|Any CPU
		{3CB2677F-1340-4065-A28E-C91D56CA543C}.Release|Any CPU.Build.0 = Release|Any CPU
		{1535DFF1-D677-462B-A831-A320B9562864}.Debug|Any CPU.ActiveCfg = Debug|Any CPU
		{1535DFF1-D677-462B-A831-A320B9562864}.Debug|Any CPU.Build.0 = Debug|Any CPU
		{1535DFF1-D677-462B-A831-A320B9562864}.Release|Any CPU.ActiveCfg = Release|Any CPU
		{1535DFF1-D677-462B-A831-A320B9562864}.Release|Any CPU.Build.0 = Release|Any CPU
	EndGlobalSection
	GlobalSection(SolutionProperties) = preSolution
		HideSolutionNode = FALSE
	EndGlobalSection
	GlobalSection(ExtensibilityGlobals) = postSolution
		SolutionGuid = {F1602E07-5B9D-4D80-8CCF-8637535AFC8D}
	EndGlobalSection
EndGlobal
